// !$*UTF8*$!
{
	archiveVersion = 1;
	classes = {
	};
	objectVersion = 50;
	objects = {

/* Begin PBXBuildFile section */
		E99B598F235FAC5B00D823A9 /* AppDelegate.swift in Sources */ = {isa = PBXBuildFile; fileRef = E99B598E235FAC5B00D823A9 /* AppDelegate.swift */; };
		E99B5991235FAC5B00D823A9 /* SceneDelegate.swift in Sources */ = {isa = PBXBuildFile; fileRef = E99B5990235FAC5B00D823A9 /* SceneDelegate.swift */; };
		E99B5993235FAC5B00D823A9 /* ViewController.swift in Sources */ = {isa = PBXBuildFile; fileRef = E99B5992235FAC5B00D823A9 /* ViewController.swift */; };
		E99B5996235FAC5B00D823A9 /* Main.storyboard in Resources */ = {isa = PBXBuildFile; fileRef = E99B5994235FAC5B00D823A9 /* Main.storyboard */; };
		E99B5998235FAC5D00D823A9 /* Assets.xcassets in Resources */ = {isa = PBXBuildFile; fileRef = E99B5997235FAC5D00D823A9 /* Assets.xcassets */; };
		E99B599B235FAC5D00D823A9 /* LaunchScreen.storyboard in Resources */ = {isa = PBXBuildFile; fileRef = E99B5999235FAC5D00D823A9 /* LaunchScreen.storyboard */; };
		E99B59A3235FADB100D823A9 /* MortgageCalculatorTableViewController.swift in Sources */ = {isa = PBXBuildFile; fileRef = E99B59A2235FADB100D823A9 /* MortgageCalculatorTableViewController.swift */; };
/* End PBXBuildFile section */

/* Begin PBXFileReference section */
		E99B598B235FAC5B00D823A9 /* mortgage calculator.app */ = {isa = PBXFileReference; explicitFileType = wrapper.application; includeInIndex = 0; path = "mortgage calculator.app"; sourceTree = BUILT_PRODUCTS_DIR; };
		E99B598E235FAC5B00D823A9 /* AppDelegate.swift */ = {isa = PBXFileReference; lastKnownFileType = sourcecode.swift; path = AppDelegate.swift; sourceTree = "<group>"; };
		E99B5990235FAC5B00D823A9 /* SceneDelegate.swift */ = {isa = PBXFileReference; lastKnownFileType = sourcecode.swift; path = SceneDelegate.swift; sourceTree = "<group>"; };
		E99B5992235FAC5B00D823A9 /* ViewController.swift */ = {isa = PBXFileReference; lastKnownFileType = sourcecode.swift; path = ViewController.swift; sourceTree = "<group>"; };
		E99B5995235FAC5B00D823A9 /* Base */ = {isa = PBXFileReference; lastKnownFileType = file.storyboard; name = Base; path = Base.lproj/Main.storyboard; sourceTree = "<group>"; };
		E99B5997235FAC5D00D823A9 /* Assets.xcassets */ = {isa = PBXFileReference; lastKnownFileType = folder.assetcatalog; path = Assets.xcassets; sourceTree = "<group>"; };
		E99B599A235FAC5D00D823A9 /* Base */ = {isa = PBXFileReference; lastKnownFileType = file.storyboard; name = Base; path = Base.lproj/LaunchScreen.storyboard; sourceTree = "<group>"; };
		E99B599C235FAC5D00D823A9 /* Info.plist */ = {isa = PBXFileReference; lastKnownFileType = text.plist.xml; path = Info.plist; sourceTree = "<group>"; };
		E99B59A2235FADB100D823A9 /* MortgageCalculatorTableViewController.swift */ = {isa = PBXFileReference; lastKnownFileType = sourcecode.swift; path = MortgageCalculatorTableViewController.swift; sourceTree = "<group>"; };
/* End PBXFileReference section */

/* Begin PBXFrameworksBuildPhase section */
		E99B5988235FAC5B00D823A9 /* Frameworks */ = {
			isa = PBXFrameworksBuildPhase;
			buildActionMask = 2147483647;
			files = (
			);
			runOnlyForDeploymentPostprocessing = 0;
		};
/* End PBXFrameworksBuildPhase section */

/* Begin PBXGroup section */
		E99B5982235FAC5B00D823A9 = {
			isa = PBXGroup;
			children = (
				E99B598D235FAC5B00D823A9 /* mortgage calculator */,
				E99B598C235FAC5B00D823A9 /* Products */,
			);
			sourceTree = "<group>";
		};
		E99B598C235FAC5B00D823A9 /* Products */ = {
			isa = PBXGroup;
			children = (
				E99B598B235FAC5B00D823A9 /* mortgage calculator.app */,
			);
			name = Products;
			sourceTree = "<group>";
		};
		E99B598D235FAC5B00D823A9 /* mortgage calculator */ = {
			isa = PBXGroup;
			children = (
				E99B598E235FAC5B00D823A9 /* AppDelegate.swift */,
				E99B5990235FAC5B00D823A9 /* SceneDelegate.swift */,
				E99B5992235FAC5B00D823A9 /* ViewController.swift */,
				E99B5994235FAC5B00D823A9 /* Main.storyboard */,
				E99B59A2235FADB100D823A9 /* MortgageCalculatorTableViewController.swift */,
				E99B5997235FAC5D00D823A9 /* Assets.xcassets */,
				E99B5999235FAC5D00D823A9 /* LaunchScreen.storyboard */,
				E99B599C235FAC5D00D823A9 /* Info.plist */,
			);
			path = "mortgage calculator";
			sourceTree = "<group>";
		};
/* End PBXGroup section */

/* Begin PBXNativeTarget section */
		E99B598A235FAC5B00D823A9 /* mortgage calculator */ = {
			isa = PBXNativeTarget;
			buildConfigurationList = E99B599F235FAC5D00D823A9 /* Build configuration list for PBXNativeTarget "mortgage calculator" */;
			buildPhases = (
				E99B5987235FAC5B00D823A9 /* Sources */,
				E99B5988235FAC5B00D823A9 /* Frameworks */,
				E99B5989235FAC5B00D823A9 /* Resources */,
			);
			buildRules = (
			);
			dependencies = (
			);
			name = "mortgage calculator";
			productName = "mortgage calculator";
			productReference = E99B598B235FAC5B00D823A9 /* mortgage calculator.app */;
			productType = "com.apple.product-type.application";
		};
/* End PBXNativeTarget section */

/* Begin PBXProject section */
		E99B5983235FAC5B00D823A9 /* Project object */ = {
			isa = PBXProject;
			attributes = {
				LastSwiftUpdateCheck = 1110;
				LastUpgradeCheck = 1110;
				ORGANIZATIONNAME = "Lambda School";
				TargetAttributes = {
					E99B598A235FAC5B00D823A9 = {
						CreatedOnToolsVersion = 11.1;
					};
				};
			};
			buildConfigurationList = E99B5986235FAC5B00D823A9 /* Build configuration list for PBXProject "mortgage calculator" */;
			compatibilityVersion = "Xcode 9.3";
			developmentRegion = en;
			hasScannedForEncodings = 0;
			knownRegions = (
				en,
				Base,
			);
			mainGroup = E99B5982235FAC5B00D823A9;
			productRefGroup = E99B598C235FAC5B00D823A9 /* Products */;
			projectDirPath = "";
			projectRoot = "";
			targets = (
				E99B598A235FAC5B00D823A9 /* mortgage calculator */,
			);
		};
/* End PBXProject section */

/* Begin PBXResourcesBuildPhase section */
		E99B5989235FAC5B00D823A9 /* Resources */ = {
			isa = PBXResourcesBuildPhase;
			buildActionMask = 2147483647;
			files = (
				E99B599B235FAC5D00D823A9 /* LaunchScreen.storyboard in Resources */,
				E99B5998235FAC5D00D823A9 /* Assets.xcassets in Resources */,
				E99B5996235FAC5B00D823A9 /* Main.storyboard in Resources */,
			);
			runOnlyForDeploymentPostprocessing = 0;
		};
/* End PBXResourcesBuildPhase section */

/* Begin PBXSourcesBuildPhase section */
		E99B5987235FAC5B00D823A9 /* Sources */ = {
			isa = PBXSourcesBuildPhase;
			buildActionMask = 2147483647;
			files = (
				E99B5993235FAC5B00D823A9 /* ViewController.swift in Sources */,
				E99B59A3235FADB100D823A9 /* MortgageCalculatorTableViewController.swift in Sources */,
				E99B598F235FAC5B00D823A9 /* AppDelegate.swift in Sources */,
				E99B5991235FAC5B00D823A9 /* SceneDelegate.swift in Sources */,
			);
			runOnlyForDeploymentPostprocessing = 0;
		};
/* End PBXSourcesBuildPhase section */

/* Begin PBXVariantGroup section */
		E99B5994235FAC5B00D823A9 /* Main.storyboard */ = {
			isa = PBXVariantGroup;
			children = (
				E99B5995235FAC5B00D823A9 /* Base */,
			);
			name = Main.storyboard;
			sourceTree = "<group>";
		};
		E99B5999235FAC5D00D823A9 /* LaunchScreen.storyboard */ = {
			isa = PBXVariantGroup;
			children = (
				E99B599A235FAC5D00D823A9 /* Base */,
			);
			name = LaunchScreen.storyboard;
			sourceTree = "<group>";
		};
/* End PBXVariantGroup section */

/* Begin XCBuildConfiguration section */
		E99B599D235FAC5D00D823A9 /* Debug */ = {
			isa = XCBuildConfiguration;
			buildSettings = {
				ALWAYS_SEARCH_USER_PATHS = NO;
				CLANG_ANALYZER_NONNULL = YES;
				CLANG_ANALYZER_NUMBER_OBJECT_CONVERSION = YES_AGGRESSIVE;
				CLANG_CXX_LANGUAGE_STANDARD = "gnu++14";
				CLANG_CXX_LIBRARY = "libc++";
				CLANG_ENABLE_MODULES = YES;
				CLANG_ENABLE_OBJC_ARC = YES;
				CLANG_ENABLE_OBJC_WEAK = YES;
				CLANG_WARN_BLOCK_CAPTURE_AUTORELEASING = YES;
				CLANG_WARN_BOOL_CONVERSION = YES;
				CLANG_WARN_COMMA = YES;
				CLANG_WARN_CONSTANT_CONVERSION = YES;
				CLANG_WARN_DEPRECATED_OBJC_IMPLEMENTATIONS = YES;
				CLANG_WARN_DIRECT_OBJC_ISA_USAGE = YES_ERROR;
				CLANG_WARN_DOCUMENTATION_COMMENTS = YES;
				CLANG_WARN_EMPTY_BODY = YES;
				CLANG_WARN_ENUM_CONVERSION = YES;
				CLANG_WARN_INFINITE_RECURSION = YES;
				CLANG_WARN_INT_CONVERSION = YES;
				CLANG_WARN_NON_LITERAL_NULL_CONVERSION = YES;
				CLANG_WARN_OBJC_IMPLICIT_RETAIN_SELF = YES;
				CLANG_WARN_OBJC_LITERAL_CONVERSION = YES;
				CLANG_WARN_OBJC_ROOT_CLASS = YES_ERROR;
				CLANG_WARN_RANGE_LOOP_ANALYSIS = YES;
				CLANG_WARN_STRICT_PROTOTYPES = YES;
				CLANG_WARN_SUSPICIOUS_MOVE = YES;
				CLANG_WARN_UNGUARDED_AVAILABILITY = YES_AGGRESSIVE;
				CLANG_WARN_UNREACHABLE_CODE = YES;
				CLANG_WARN__DUPLICATE_METHOD_MATCH = YES;
				COPY_PHASE_STRIP = NO;
				DEBUG_INFORMATION_FORMAT = dwarf;
				ENABLE_STRICT_OBJC_MSGSEND = YES;
				ENABLE_TESTABILITY = YES;
				GCC_C_LANGUAGE_STANDARD = gnu11;
				GCC_DYNAMIC_NO_PIC = NO;
				GCC_NO_COMMON_BLOCKS = YES;
				GCC_OPTIMIZATION_LEVEL = 0;
				GCC_PREPROCESSOR_DEFINITIONS = (
					"DEBUG=1",
					"$(inherited)",
				);
				GCC_WARN_64_TO_32_BIT_CONVERSION = YES;
				GCC_WARN_ABOUT_RETURN_TYPE = YES_ERROR;
				GCC_WARN_UNDECLARED_SELECTOR = YES;
				GCC_WARN_UNINITIALIZED_AUTOS = YES_AGGRESSIVE;
				GCC_WARN_UNUSED_FUNCTION = YES;
				GCC_WARN_UNUSED_VARIABLE = YES;
				IPHONEOS_DEPLOYMENT_TARGET = 13.1;
				MTL_ENABLE_DEBUG_INFO = INCLUDE_SOURCE;
				MTL_FAST_MATH = YES;
				ONLY_ACTIVE_ARCH = YES;
				SDKROOT = iphoneos;
				SWIFT_ACTIVE_COMPILATION_CONDITIONS = DEBUG;
				SWIFT_OPTIMIZATION_LEVEL = "-Onone";
			};
			name = Debug;
		};
		E99B599E235FAC5D00D823A9 /* Release */ = {
			isa = XCBuildConfiguration;
			buildSettings = {
				ALWAYS_SEARCH_USER_PATHS = NO;
				CLANG_ANALYZER_NONNULL = YES;
				CLANG_ANALYZER_NUMBER_OBJECT_CONVERSION = YES_AGGRESSIVE;
				CLANG_CXX_LANGUAGE_STANDARD = "gnu++14";
				CLANG_CXX_LIBRARY = "libc++";
				CLANG_ENABLE_MODULES = YES;
				CLANG_ENABLE_OBJC_ARC = YES;
				CLANG_ENABLE_OBJC_WEAK = YES;
				CLANG_WARN_BLOCK_CAPTURE_AUTORELEASING = YES;
				CLANG_WARN_BOOL_CONVERSION = YES;
				CLANG_WARN_COMMA = YES;
				CLANG_WARN_CONSTANT_CONVERSION = YES;
				CLANG_WARN_DEPRECATED_OBJC_IMPLEMENTATIONS = YES;
				CLANG_WARN_DIRECT_OBJC_ISA_USAGE = YES_ERROR;
				CLANG_WARN_DOCUMENTATION_COMMENTS = YES;
				CLANG_WARN_EMPTY_BODY = YES;
				CLANG_WARN_ENUM_CONVERSION = YES;
				CLANG_WARN_INFINITE_RECURSION = YES;
				CLANG_WARN_INT_CONVERSION = YES;
				CLANG_WARN_NON_LITERAL_NULL_CONVERSION = YES;
				CLANG_WARN_OBJC_IMPLICIT_RETAIN_SELF = YES;
				CLANG_WARN_OBJC_LITERAL_CONVERSION = YES;
				CLANG_WARN_OBJC_ROOT_CLASS = YES_ERROR;
				CLANG_WARN_RANGE_LOOP_ANALYSIS = YES;
				CLANG_WARN_STRICT_PROTOTYPES = YES;
				CLANG_WARN_SUSPICIOUS_MOVE = YES;
				CLANG_WARN_UNGUARDED_AVAILABILITY = YES_AGGRESSIVE;
				CLANG_WARN_UNREACHABLE_CODE = YES;
				CLANG_WARN__DUPLICATE_METHOD_MATCH = YES;
				COPY_PHASE_STRIP = NO;
				DEBUG_INFORMATION_FORMAT = "dwarf-with-dsym";
				ENABLE_NS_ASSERTIONS = NO;
				ENABLE_STRICT_OBJC_MSGSEND = YES;
				GCC_C_LANGUAGE_STANDARD = gnu11;
				GCC_NO_COMMON_BLOCKS = YES;
				GCC_WARN_64_TO_32_BIT_CONVERSION = YES;
				GCC_WARN_ABOUT_RETURN_TYPE = YES_ERROR;
				GCC_WARN_UNDECLARED_SELECTOR = YES;
				GCC_WARN_UNINITIALIZED_AUTOS = YES_AGGRESSIVE;
				GCC_WARN_UNUSED_FUNCTION = YES;
				GCC_WARN_UNUSED_VARIABLE = YES;
				IPHONEOS_DEPLOYMENT_TARGET = 13.1;
				MTL_ENABLE_DEBUG_INFO = NO;
				MTL_FAST_MATH = YES;
				SDKROOT = iphoneos;
				SWIFT_COMPILATION_MODE = wholemodule;
				SWIFT_OPTIMIZATION_LEVEL = "-O";
				VALIDATE_PRODUCT = YES;
			};
			name = Release;
		};
		E99B59A0235FAC5D00D823A9 /* Debug */ = {
			isa = XCBuildConfiguration;
			buildSettings = {
				ASSETCATALOG_COMPILER_APPICON_NAME = AppIcon;
				CODE_SIGN_STYLE = Automatic;
				INFOPLIST_FILE = "mortgage calculator/Info.plist";
				LD_RUNPATH_SEARCH_PATHS = (
					"$(inherited)",
					"@executable_path/Frameworks",
				);
				PRODUCT_BUNDLE_IDENTIFIER = "com.lambdaschool.mortgage-calculator";
				PRODUCT_NAME = "$(TARGET_NAME)";
				SWIFT_VERSION = 5.0;
				TARGETED_DEVICE_FAMILY = "1,2";
			};
			name = Debug;
		};
		E99B59A1235FAC5D00D823A9 /* Release */ = {
			isa = XCBuildConfiguration;
			buildSettings = {
				ASSETCATALOG_COMPILER_APPICON_NAME = AppIcon;
				CODE_SIGN_STYLE = Automatic;
				INFOPLIST_FILE = "mortgage calculator/Info.plist";
				LD_RUNPATH_SEARCH_PATHS = (
					"$(inherited)",
					"@executable_path/Frameworks",
				);
				PRODUCT_BUNDLE_IDENTIFIER = "com.lambdaschool.mortgage-calculator";
				PRODUCT_NAME = "$(TARGET_NAME)";
				SWIFT_VERSION = 5.0;
				TARGETED_DEVICE_FAMILY = "1,2";
			};
			name = Release;
		};
/* End XCBuildConfiguration section */

/* Begin XCConfigurationList section */
		E99B5986235FAC5B00D823A9 /* Build configuration list for PBXProject "mortgage calculator" */ = {
			isa = XCConfigurationList;
			buildConfigurations = (
				E99B599D235FAC5D00D823A9 /* Debug */,
				E99B599E235FAC5D00D823A9 /* Release */,
			);
			defaultConfigurationIsVisible = 0;
			defaultConfigurationName = Release;
		};
		E99B599F235FAC5D00D823A9 /* Build configuration list for PBXNativeTarget "mortgage calculator" */ = {
			isa = XCConfigurationList;
			buildConfigurations = (
				E99B59A0235FAC5D00D823A9 /* Debug */,
				E99B59A1235FAC5D00D823A9 /* Release */,
			);
			defaultConfigurationIsVisible = 0;
			defaultConfigurationName = Release;
		};
/* End XCConfigurationList section */
	};
	rootObject = E99B5983235FAC5B00D823A9 /* Project object */;
}
